Microsoft Visual Studio Solution File, Format Version 12.00
# Visual Studio Version 17
VisualStudioVersion = 17.5.2.0
MinimumVisualStudioVersion = 10.0.40219.1
Project("{FAE04EC0-301F-11D3-BF4B-00C04F79EFBC}") = "CshScript", "CshScript.csproj", "{116EB9C5-0FC8-B0AC-3BA6-A1654AF3B80F}"
EndProject
Global
	GlobalSection(SolutionConfigurationPlatforms) = preSolution
		Debug|Any CPU = Debug|Any CPU
		Release|Any CPU = Release|Any CPU
	EndGlobalSection
	GlobalSection(ProjectConfigurationPlatforms) = postSolution
		{116EB9C5-0FC8-B0AC-3BA6-A1654AF3B80F}.Debug|Any CPU.ActiveCfg = Debug|Any CPU
		{116EB9C5-0FC8-B0AC-3BA6-A1654AF3B80F}.Debug|Any CPU.Build.0 = Debug|Any CPU
		{116EB9C5-0FC8-B0AC-3BA6-A1654AF3B80F}.Release|Any CPU.ActiveCfg = Release|Any CPU
		{116EB9C5-0FC8-B0AC-3BA6-A1654AF3B80F}.Release|Any CPU.Build.0 = Release|Any CPU
	EndGlobalSection
	GlobalSection(SolutionProperties) = preSolution
		HideSolutionNode = FALSE
	EndGlobalSection
	GlobalSection(ExtensibilityGlobals) = postSolution
		SolutionGuid = {4264028D-A4D3-4226-8784-904AB60AA325}
	EndGlobalSection
EndGlobal
